{
  "nodes": {
    "nixpkgs": {
      "locked": {
        "lastModified": 1783224372,
        "narHash": "sha256-8i/87eeoqiGE4yOTjwSA3Eh/ziJRQEmd/unYU+K27sk=",
        "owner": "NixOS",
        "repo": "nixpkgs",
        "rev": "d407951447dcd00442e97087bf374aad70c04cea",
        "type": "github"
      },
      "original": {
        "owner": "NixOS",
        "ref": "nixos-unstable",
        "repo": "nixpkgs",
        "type": "github"
      }
    },
    "root": {
      "inputs": {
        "nixpkgs": "nixpkgs",
        "upstream": "upstream"
      }
    },
    "upstream": {
      "inputs": {
        "nixpkgs": [
          "nixpkgs"
        ]
      },
      "locked": {
        "lastModified": 1783951534,
        "narHash": "sha256-Y+s6lcU8dowS7DAz796GIYrifUt46bkMURjvWae7nlM=",
        "owner": "luxus",
        "repo": "noctalia-greeter-1",
        "rev": "e855cf321c8b23809becaf15a59b32183b21a9a3",
        "type": "github"
      },
      "original": {
        "owner": "luxus",
        "ref": "local/per-output-wallpaper",
        "repo": "noctalia-greeter-1",
        "type": "github"
      }
    }
  },
  "root": "root",
  "version": 7
}
